// !$*UTF8*$!
{
	archiveVersion = 1;
	classes = {};
	objectVersion = 56;
	objects = {
		56E2BA198D6DD151394370B9 = { isa = PBXFileReference; lastKnownFileType = sourcecode.swift; path = "CameraLog/App/CameraLogApp.swift"; sourceTree = SOURCE_ROOT; };
		61B99952D60C609DB1539F8E = { isa = PBXBuildFile; fileRef = 56E2BA198D6DD151394370B9; };
		2F1AD7412123D6135B78FA30 = { isa = PBXFileReference; lastKnownFileType = sourcecode.swift; path = "CameraLog/Data/CameraLogStore.swift"; sourceTree = SOURCE_ROOT; };
		D5F47DBB40142A0F13AA490B = { isa = PBXBuildFile; fileRef = 2F1AD7412123D6135B78FA30; };
		276D8D2C52B2F7DC37B27D2D = { isa = PBXFileReference; lastKnownFileType = sourcecode.swift; path = "CameraLog/Data/Models.swift"; sourceTree = SOURCE_ROOT; };
		059A5CA6F566FB8E2E16E50D = { isa = PBXBuildFile; fileRef = 276D8D2C52B2F7DC37B27D2D; };
		16F9E4350AC9261FBD1A9F30 = { isa = PBXFileReference; lastKnownFileType = sourcecode.swift; path = "CameraLog/Data/ProjectSearch.swift"; sourceTree = SOURCE_ROOT; };
		CE4583CDED11D664DD1C8E14 = { isa = PBXBuildFile; fileRef = 16F9E4350AC9261FBD1A9F30; };
		6236D4AC5101C04031A49251 = { isa = PBXFileReference; lastKnownFileType = sourcecode.swift; path = "CameraLog/Data/SampleData.swift"; sourceTree = SOURCE_ROOT; };
		86F476797256884D7A6D1FED = { isa = PBXBuildFile; fileRef = 6236D4AC5101C04031A49251; };
		DFA5F5BEE229A3968D163FBF = { isa = PBXFileReference; lastKnownFileType = sourcecode.swift; path = "CameraLog/Data/SchemaV1.swift"; sourceTree = SOURCE_ROOT; };
		190DD879D20D2D3D9560339D = { isa = PBXBuildFile; fileRef = DFA5F5BEE229A3968D163FBF; };
		6D86DCED26BCDD1BEF40DE1B = { isa = PBXFileReference; lastKnownFileType = sourcecode.swift; path = "CameraLog/Data/SchemaV2.swift"; sourceTree = SOURCE_ROOT; };
		A659ED1710A3B65F7717A6EE = { isa = PBXBuildFile; fileRef = 6D86DCED26BCDD1BEF40DE1B; };
		87A6EB46C74AF25591A49767 = { isa = PBXFileReference; lastKnownFileType = sourcecode.swift; path = "CameraLog/Domain/CaptureSettings.swift"; sourceTree = SOURCE_ROOT; };
		2E240C1936193A54A3A6219B = { isa = PBXBuildFile; fileRef = 87A6EB46C74AF25591A49767; };
		E58A6808748ACA36D2982D52 = { isa = PBXFileReference; lastKnownFileType = sourcecode.swift; path = "CameraLog/Domain/ClipSequence.swift"; sourceTree = SOURCE_ROOT; };
		FD9461BCF87447C7CC9122B9 = { isa = PBXBuildFile; fileRef = E58A6808748ACA36D2982D52; };
		CD22600005236AF9F4D3E571 = { isa = PBXFileReference; lastKnownFileType = sourcecode.swift; path = "CameraLog/Domain/Kits.swift"; sourceTree = SOURCE_ROOT; };
		6E01C8E1CF13E7E6CB277C55 = { isa = PBXBuildFile; fileRef = CD22600005236AF9F4D3E571; };
		85D832D376AE774D2BDB2CA8 = { isa = PBXFileReference; lastKnownFileType = sourcecode.swift; path = "CameraLog/Domain/SheetDraft.swift"; sourceTree = SOURCE_ROOT; };
		674047BF84A7221E9EA6288E = { isa = PBXBuildFile; fileRef = 85D832D376AE774D2BDB2CA8; };
		B081F371DC46325DF524CFEC = { isa = PBXFileReference; lastKnownFileType = sourcecode.swift; path = "CameraLog/Features/DayView.swift"; sourceTree = SOURCE_ROOT; };
		2A2CB1D1F677A26F569872F7 = { isa = PBXBuildFile; fileRef = B081F371DC46325DF524CFEC; };
		A19499049FD23197BDF95A19 = { isa = PBXFileReference; lastKnownFileType = sourcecode.swift; path = "CameraLog/Features/ProductionViews.swift"; sourceTree = SOURCE_ROOT; };
		1AA5CC379FE8C31B91DEEAC2 = { isa = PBXBuildFile; fileRef = A19499049FD23197BDF95A19; };
		3F4464404D62FC9D12A11D4B = { isa = PBXFileReference; lastKnownFileType = sourcecode.swift; path = "CameraLog/Features/ProjectSearchViews.swift"; sourceTree = SOURCE_ROOT; };
		D1D7D647EEBD79FD3A7A3349 = { isa = PBXBuildFile; fileRef = 3F4464404D62FC9D12A11D4B; };
		04E8F3F181576DFDA8EC9BFD = { isa = PBXFileReference; lastKnownFileType = sourcecode.swift; path = "CameraLog/Features/ReportView.swift"; sourceTree = SOURCE_ROOT; };
		D8EB745CA4465DF49BA10269 = { isa = PBXBuildFile; fileRef = 04E8F3F181576DFDA8EC9BFD; };
		19E7B518D732C928FE6ED5B7 = { isa = PBXFileReference; lastKnownFileType = sourcecode.swift; path = "CameraLog/Features/Shared.swift"; sourceTree = SOURCE_ROOT; };
		7FDD7625A44EA0E7BC0BF437 = { isa = PBXBuildFile; fileRef = 19E7B518D732C928FE6ED5B7; };
		CF3DB29C78B755E053E43650 = { isa = PBXFileReference; lastKnownFileType = sourcecode.swift; path = "CameraLog/Features/SheetView.swift"; sourceTree = SOURCE_ROOT; };
		F1D339971A7465952F886D44 = { isa = PBXBuildFile; fileRef = CF3DB29C78B755E053E43650; };
		ECEFA2A80B8A23BA314C3013 = { isa = PBXFileReference; lastKnownFileType = sourcecode.swift; path = "CameraLog/Features/TakeViews.swift"; sourceTree = SOURCE_ROOT; };
		7B433194542F15E32AC3A40E = { isa = PBXBuildFile; fileRef = ECEFA2A80B8A23BA314C3013; };
		9003E7207EB6EE2A4F1019CF = { isa = PBXGroup; children = (56E2BA198D6DD151394370B9, 2F1AD7412123D6135B78FA30, 276D8D2C52B2F7DC37B27D2D, 16F9E4350AC9261FBD1A9F30, 6236D4AC5101C04031A49251, DFA5F5BEE229A3968D163FBF, 6D86DCED26BCDD1BEF40DE1B, 87A6EB46C74AF25591A49767, E58A6808748ACA36D2982D52, CD22600005236AF9F4D3E571, 85D832D376AE774D2BDB2CA8, B081F371DC46325DF524CFEC, A19499049FD23197BDF95A19, 3F4464404D62FC9D12A11D4B, 04E8F3F181576DFDA8EC9BFD, 19E7B518D732C928FE6ED5B7, CF3DB29C78B755E053E43650, ECEFA2A80B8A23BA314C3013,); name = CameraLog; sourceTree = "<group>"; };
		B3B94EED5C150FA563CDEF9B = { isa = PBXFileReference; explicitFileType = wrapper.application; includeInIndex = 0; path = CameraLog.app; sourceTree = BUILT_PRODUCTS_DIR; };
		F74F10F4A59E52593D5B89CC = { isa = PBXSourcesBuildPhase; buildActionMask = 2147483647; files = (61B99952D60C609DB1539F8E, D5F47DBB40142A0F13AA490B, 059A5CA6F566FB8E2E16E50D, CE4583CDED11D664DD1C8E14, 86F476797256884D7A6D1FED, 190DD879D20D2D3D9560339D, A659ED1710A3B65F7717A6EE, 2E240C1936193A54A3A6219B, FD9461BCF87447C7CC9122B9, 6E01C8E1CF13E7E6CB277C55, 674047BF84A7221E9EA6288E, 2A2CB1D1F677A26F569872F7, 1AA5CC379FE8C31B91DEEAC2, D1D7D647EEBD79FD3A7A3349, D8EB745CA4465DF49BA10269, 7FDD7625A44EA0E7BC0BF437, F1D339971A7465952F886D44, 7B433194542F15E32AC3A40E,); runOnlyForDeploymentPostprocessing = 0; };
		6637CB88A2BCE489C39E8A75 = { isa = PBXFrameworksBuildPhase; buildActionMask = 2147483647; files = (); runOnlyForDeploymentPostprocessing = 0; };
		F33B8204D7A51EA0000278E1 = { isa = PBXResourcesBuildPhase; buildActionMask = 2147483647; files = (); runOnlyForDeploymentPostprocessing = 0; };
		ECC4CE24BF2748FC2CBE7136 = { isa = XCBuildConfiguration; name = Debug; buildSettings = { PRODUCT_NAME = "$(TARGET_NAME)"; PRODUCT_BUNDLE_IDENTIFIER = "com.cameralog.cameralog"; GENERATE_INFOPLIST_FILE = "YES"; CODE_SIGN_STYLE = "Automatic"; SWIFT_VERSION = "5.0"; IPHONEOS_DEPLOYMENT_TARGET = "17.0"; TARGETED_DEVICE_FAMILY = "1,2"; SUPPORTED_PLATFORMS = "iphoneos iphonesimulator"; SDKROOT = "iphoneos"; LD_RUNPATH_SEARCH_PATHS = "$(inherited) @executable_path/Frameworks"; INFOPLIST_KEY_CFBundleDisplayName = "CameraLog"; MARKETING_VERSION = "0.1.0"; CURRENT_PROJECT_VERSION = "1"; INFOPLIST_KEY_UILaunchScreen_Generation = "YES"; INFOPLIST_KEY_UIApplicationSceneManifest_Generation = "YES"; INFOPLIST_KEY_UISupportedInterfaceOrientations = "UIInterfaceOrientationPortrait UIInterfaceOrientationLandscapeLeft UIInterfaceOrientationLandscapeRight"; INFOPLIST_KEY_LSApplicationCategoryType = "public.app-category.productivity"; SWIFT_OPTIMIZATION_LEVEL = "-Onone"; ENABLE_TESTABILITY = "YES"; SWIFT_ACTIVE_COMPILATION_CONDITIONS = "DEBUG"; DEBUG_INFORMATION_FORMAT = "dwarf"; }; };
		035BD65C1196B32BC3C9D296 = { isa = XCBuildConfiguration; name = Release; buildSettings = { PRODUCT_NAME = "$(TARGET_NAME)"; PRODUCT_BUNDLE_IDENTIFIER = "com.cameralog.cameralog"; GENERATE_INFOPLIST_FILE = "YES"; CODE_SIGN_STYLE = "Automatic"; SWIFT_VERSION = "5.0"; IPHONEOS_DEPLOYMENT_TARGET = "17.0"; TARGETED_DEVICE_FAMILY = "1,2"; SUPPORTED_PLATFORMS = "iphoneos iphonesimulator"; SDKROOT = "iphoneos"; LD_RUNPATH_SEARCH_PATHS = "$(inherited) @executable_path/Frameworks"; INFOPLIST_KEY_CFBundleDisplayName = "CameraLog"; MARKETING_VERSION = "0.1.0"; CURRENT_PROJECT_VERSION = "1"; INFOPLIST_KEY_UILaunchScreen_Generation = "YES"; INFOPLIST_KEY_UIApplicationSceneManifest_Generation = "YES"; INFOPLIST_KEY_UISupportedInterfaceOrientations = "UIInterfaceOrientationPortrait UIInterfaceOrientationLandscapeLeft UIInterfaceOrientationLandscapeRight"; INFOPLIST_KEY_LSApplicationCategoryType = "public.app-category.productivity"; SWIFT_OPTIMIZATION_LEVEL = "-O"; DEBUG_INFORMATION_FORMAT = "dwarf-with-dsym"; }; };
		D6CC43E1B3CF5DE946BE8049 = { isa = XCConfigurationList; buildConfigurations = (ECC4CE24BF2748FC2CBE7136, 035BD65C1196B32BC3C9D296,); defaultConfigurationIsVisible = 0; defaultConfigurationName = Release; };
		C0E0E0880F9DA02D781C8445 = { isa = PBXNativeTarget; buildConfigurationList = D6CC43E1B3CF5DE946BE8049; buildPhases = (F74F10F4A59E52593D5B89CC, 6637CB88A2BCE489C39E8A75, F33B8204D7A51EA0000278E1,); buildRules = (); dependencies = (); name = CameraLog; productName = CameraLog; productReference = B3B94EED5C150FA563CDEF9B; productType = "com.apple.product-type.application"; };
		637AC3AFE2BE9DED5B624260 = { isa = PBXFileReference; lastKnownFileType = sourcecode.swift; path = "CameraLogTests/CameraLogTests.swift"; sourceTree = SOURCE_ROOT; };
		760C8820D2928520CCC8A6A4 = { isa = PBXBuildFile; fileRef = 637AC3AFE2BE9DED5B624260; };
		881DF0AEDD1CB776A44A6F89 = { isa = PBXGroup; children = (637AC3AFE2BE9DED5B624260,); name = CameraLogTests; sourceTree = "<group>"; };
		C3450BDD57336999C896ED75 = { isa = PBXFileReference; explicitFileType = wrapper.cfbundle; includeInIndex = 0; path = CameraLogTests.xctest; sourceTree = BUILT_PRODUCTS_DIR; };
		20253D1B1450143DF8D9CCA9 = { isa = PBXSourcesBuildPhase; buildActionMask = 2147483647; files = (760C8820D2928520CCC8A6A4,); runOnlyForDeploymentPostprocessing = 0; };
		B5744F85C84001EB9515368A = { isa = PBXFrameworksBuildPhase; buildActionMask = 2147483647; files = (); runOnlyForDeploymentPostprocessing = 0; };
		9A22C4A2FEBB26BB6881099A = { isa = PBXResourcesBuildPhase; buildActionMask = 2147483647; files = (); runOnlyForDeploymentPostprocessing = 0; };
		DAB01D73CBBCF1FEDE84E2D6 = { isa = PBXContainerItemProxy; containerPortal = 244210E48437B6556980A702; proxyType = 1; remoteGlobalIDString = C0E0E0880F9DA02D781C8445; remoteInfo = CameraLog; };
		F9A94CEF8CF7D85CE881E703 = { isa = PBXTargetDependency; target = C0E0E0880F9DA02D781C8445; targetProxy = DAB01D73CBBCF1FEDE84E2D6; };
		41E42DF658B600FBF747DCD8 = { isa = XCBuildConfiguration; name = Debug; buildSettings = { PRODUCT_NAME = "$(TARGET_NAME)"; PRODUCT_BUNDLE_IDENTIFIER = "com.cameralog.cameralogtests"; GENERATE_INFOPLIST_FILE = "YES"; CODE_SIGN_STYLE = "Automatic"; SWIFT_VERSION = "5.0"; IPHONEOS_DEPLOYMENT_TARGET = "17.0"; TARGETED_DEVICE_FAMILY = "1,2"; SUPPORTED_PLATFORMS = "iphoneos iphonesimulator"; SDKROOT = "iphoneos"; LD_RUNPATH_SEARCH_PATHS = "$(inherited) @executable_path/Frameworks"; TEST_HOST = "$(BUILT_PRODUCTS_DIR)/CameraLog.app/$(BUNDLE_EXECUTABLE_FOLDER_PATH)/CameraLog"; BUNDLE_LOADER = "$(TEST_HOST)"; SWIFT_OPTIMIZATION_LEVEL = "-Onone"; ENABLE_TESTABILITY = "YES"; SWIFT_ACTIVE_COMPILATION_CONDITIONS = "DEBUG"; DEBUG_INFORMATION_FORMAT = "dwarf"; }; };
		B92F28FCB9FB2ADEC0428DA8 = { isa = XCBuildConfiguration; name = Release; buildSettings = { PRODUCT_NAME = "$(TARGET_NAME)"; PRODUCT_BUNDLE_IDENTIFIER = "com.cameralog.cameralogtests"; GENERATE_INFOPLIST_FILE = "YES"; CODE_SIGN_STYLE = "Automatic"; SWIFT_VERSION = "5.0"; IPHONEOS_DEPLOYMENT_TARGET = "17.0"; TARGETED_DEVICE_FAMILY = "1,2"; SUPPORTED_PLATFORMS = "iphoneos iphonesimulator"; SDKROOT = "iphoneos"; LD_RUNPATH_SEARCH_PATHS = "$(inherited) @executable_path/Frameworks"; TEST_HOST = "$(BUILT_PRODUCTS_DIR)/CameraLog.app/$(BUNDLE_EXECUTABLE_FOLDER_PATH)/CameraLog"; BUNDLE_LOADER = "$(TEST_HOST)"; SWIFT_OPTIMIZATION_LEVEL = "-O"; DEBUG_INFORMATION_FORMAT = "dwarf-with-dsym"; }; };
		4755B4F4BB4588D16991B8DF = { isa = XCConfigurationList; buildConfigurations = (41E42DF658B600FBF747DCD8, B92F28FCB9FB2ADEC0428DA8,); defaultConfigurationIsVisible = 0; defaultConfigurationName = Release; };
		85748648260CE96F3094179F = { isa = PBXNativeTarget; buildConfigurationList = 4755B4F4BB4588D16991B8DF; buildPhases = (20253D1B1450143DF8D9CCA9, B5744F85C84001EB9515368A, 9A22C4A2FEBB26BB6881099A,); buildRules = (); dependencies = (F9A94CEF8CF7D85CE881E703,); name = CameraLogTests; productName = CameraLogTests; productReference = C3450BDD57336999C896ED75; productType = "com.apple.product-type.bundle.unit-test"; };
		6F804367002C7A83D7C2B744 = { isa = PBXFileReference; lastKnownFileType = sourcecode.swift; path = "CameraLogUITests/CameraLogUITests.swift"; sourceTree = SOURCE_ROOT; };
		BF8DD612EAF9244684C746B0 = { isa = PBXBuildFile; fileRef = 6F804367002C7A83D7C2B744; };
		603FD1D63C8B4AEE20898085 = { isa = PBXGroup; children = (6F804367002C7A83D7C2B744,); name = CameraLogUITests; sourceTree = "<group>"; };
		6320DFA0CCBEBB105AC79146 = { isa = PBXFileReference; explicitFileType = wrapper.cfbundle; includeInIndex = 0; path = CameraLogUITests.xctest; sourceTree = BUILT_PRODUCTS_DIR; };
		A60A26EFAF415268807F70D3 = { isa = PBXSourcesBuildPhase; buildActionMask = 2147483647; files = (BF8DD612EAF9244684C746B0,); runOnlyForDeploymentPostprocessing = 0; };
		4510EC774C66797FB79BD31F = { isa = PBXFrameworksBuildPhase; buildActionMask = 2147483647; files = (); runOnlyForDeploymentPostprocessing = 0; };
		9E2607C81694B4D49FA4486C = { isa = PBXResourcesBuildPhase; buildActionMask = 2147483647; files = (); runOnlyForDeploymentPostprocessing = 0; };
		85329B1851C2B8FCEB83BC96 = { isa = PBXContainerItemProxy; containerPortal = 244210E48437B6556980A702; proxyType = 1; remoteGlobalIDString = C0E0E0880F9DA02D781C8445; remoteInfo = CameraLog; };
		CAEFD51D9C5EA93779233812 = { isa = PBXTargetDependency; target = C0E0E0880F9DA02D781C8445; targetProxy = 85329B1851C2B8FCEB83BC96; };
		D14FA37AA2247B3129767964 = { isa = XCBuildConfiguration; name = Debug; buildSettings = { PRODUCT_NAME = "$(TARGET_NAME)"; PRODUCT_BUNDLE_IDENTIFIER = "com.cameralog.cameraloguitests"; GENERATE_INFOPLIST_FILE = "YES"; CODE_SIGN_STYLE = "Automatic"; SWIFT_VERSION = "5.0"; IPHONEOS_DEPLOYMENT_TARGET = "17.0"; TARGETED_DEVICE_FAMILY = "1,2"; SUPPORTED_PLATFORMS = "iphoneos iphonesimulator"; SDKROOT = "iphoneos"; LD_RUNPATH_SEARCH_PATHS = "$(inherited) @executable_path/Frameworks"; TEST_TARGET_NAME = "CameraLog"; SWIFT_OPTIMIZATION_LEVEL = "-Onone"; ENABLE_TESTABILITY = "YES"; SWIFT_ACTIVE_COMPILATION_CONDITIONS = "DEBUG"; DEBUG_INFORMATION_FORMAT = "dwarf"; }; };
		8E9D57C4B81D2DDA4B9E6C68 = { isa = XCBuildConfiguration; name = Release; buildSettings = { PRODUCT_NAME = "$(TARGET_NAME)"; PRODUCT_BUNDLE_IDENTIFIER = "com.cameralog.cameraloguitests"; GENERATE_INFOPLIST_FILE = "YES"; CODE_SIGN_STYLE = "Automatic"; SWIFT_VERSION = "5.0"; IPHONEOS_DEPLOYMENT_TARGET = "17.0"; TARGETED_DEVICE_FAMILY = "1,2"; SUPPORTED_PLATFORMS = "iphoneos iphonesimulator"; SDKROOT = "iphoneos"; LD_RUNPATH_SEARCH_PATHS = "$(inherited) @executable_path/Frameworks"; TEST_TARGET_NAME = "CameraLog"; SWIFT_OPTIMIZATION_LEVEL = "-O"; DEBUG_INFORMATION_FORMAT = "dwarf-with-dsym"; }; };
		C17916DCC6659988521A2B6A = { isa = XCConfigurationList; buildConfigurations = (D14FA37AA2247B3129767964, 8E9D57C4B81D2DDA4B9E6C68,); defaultConfigurationIsVisible = 0; defaultConfigurationName = Release; };
		B56DB6A60F543189D8BB8E3B = { isa = PBXNativeTarget; buildConfigurationList = C17916DCC6659988521A2B6A; buildPhases = (A60A26EFAF415268807F70D3, 4510EC774C66797FB79BD31F, 9E2607C81694B4D49FA4486C,); buildRules = (); dependencies = (CAEFD51D9C5EA93779233812,); name = CameraLogUITests; productName = CameraLogUITests; productReference = 6320DFA0CCBEBB105AC79146; productType = "com.apple.product-type.bundle.ui-testing"; };
		0A3E27B8CA818264D75C8D81 = { isa = PBXGroup; children = (B3B94EED5C150FA563CDEF9B, C3450BDD57336999C896ED75, 6320DFA0CCBEBB105AC79146,); name = Products; sourceTree = "<group>"; };
		19F479106CE8C3BA8C106518 = { isa = PBXGroup; children = (9003E7207EB6EE2A4F1019CF, 881DF0AEDD1CB776A44A6F89, 603FD1D63C8B4AEE20898085, 0A3E27B8CA818264D75C8D81,); sourceTree = "<group>"; };
		488864B3D19480A82F7F1786 = { isa = XCBuildConfiguration; name = Debug; buildSettings = { CLANG_ENABLE_MODULES = "YES"; CLANG_ENABLE_OBJC_ARC = "YES"; SWIFT_VERSION = "5.0"; IPHONEOS_DEPLOYMENT_TARGET = "17.0"; SWIFT_OPTIMIZATION_LEVEL = "-Onone"; ENABLE_TESTABILITY = "YES"; SWIFT_ACTIVE_COMPILATION_CONDITIONS = "DEBUG"; DEBUG_INFORMATION_FORMAT = "dwarf"; }; };
		35B1014F135DE9B45529B733 = { isa = XCBuildConfiguration; name = Release; buildSettings = { CLANG_ENABLE_MODULES = "YES"; CLANG_ENABLE_OBJC_ARC = "YES"; SWIFT_VERSION = "5.0"; IPHONEOS_DEPLOYMENT_TARGET = "17.0"; SWIFT_OPTIMIZATION_LEVEL = "-O"; DEBUG_INFORMATION_FORMAT = "dwarf-with-dsym"; }; };
		CD7C985718C27B30B80E0BF9 = { isa = XCConfigurationList; buildConfigurations = (488864B3D19480A82F7F1786, 35B1014F135DE9B45529B733,); defaultConfigurationIsVisible = 0; defaultConfigurationName = Release; };
		244210E48437B6556980A702 = { isa = PBXProject; attributes = { LastUpgradeCheck = 1600; }; buildConfigurationList = CD7C985718C27B30B80E0BF9; compatibilityVersion = "Xcode 14.0"; developmentRegion = fr; hasScannedForEncodings = 0; knownRegions = (fr, en, Base); mainGroup = 19F479106CE8C3BA8C106518; productRefGroup = 0A3E27B8CA818264D75C8D81; projectDirPath = ""; projectRoot = ""; targets = (C0E0E0880F9DA02D781C8445, 85748648260CE96F3094179F, B56DB6A60F543189D8BB8E3B,); };
	};
	rootObject = 244210E48437B6556980A702;
}
